
Microsoft Visual Studio Solution File, Format Version 12.00
# Visual Studio Version 17
VisualStudioVersion = 17.7.34031.279
MinimumVisualStudioVersion = 10.0.40219.1
Project("{FAE04EC0-301F-11D3-BF4B-00C04F79EFBC}") = "ProyectoP1", "ProyectoP1\ProyectoP1.csproj", "{9B12CC27-EAEE-46FB-A486-2709CD3A20A4}"
EndProject
Global
	GlobalSection(SolutionConfigurationPlatforms) = preSolution
		Debug|Any CPU = Debug|Any CPU
		Release|Any CPU = Release|Any CPU
	EndGlobalSection
	GlobalSection(ProjectConfigurationPlatforms) = postSolution
		{9B12CC27-EAEE-46FB-A486-2709CD3A20A4}.Debug|Any CPU.ActiveCfg = Debug|Any CPU
		{9B12CC27-EAEE-46FB-A486-2709CD3A20A4}.Debug|Any CPU.Build.0 = Debug|Any CPU
		{9B12CC27-EAEE-46FB-A486-2709CD3A20A4}.Release|Any CPU.ActiveCfg = Release|Any CPU
		{9B12CC27-EAEE-46FB-A486-2709CD3A20A4}.Release|Any CPU.Build.0 = Release|Any CPU
	EndGlobalSection
	GlobalSection(SolutionProperties) = preSolution
		HideSolutionNode = FALSE
	EndGlobalSection
	GlobalSection(ExtensibilityGlobals) = postSolution
		SolutionGuid = {C6D7DDD2-9367-4AB5-9B4D-481F54171622}
	EndGlobalSection
EndGlobal
